// !$*UTF8*$!
{
	archiveVersion = 1;
	classes = {
	};
	objectVersion = 55;
	objects = {

/* Begin PBXBuildFile section */
		96A62E8F27353CA10099AE92 /* iWorkHomeApp.swift in Sources */ = {isa = PBXBuildFile; fileRef = 96A62E8E27353CA10099AE92 /* iWorkHomeApp.swift */; };
		96A62E9127353CA10099AE92 /* ContentView.swift in Sources */ = {isa = PBXBuildFile; fileRef = 96A62E9027353CA10099AE92 /* ContentView.swift */; };
		96A62E9327353CA40099AE92 /* Assets.xcassets in Resources */ = {isa = PBXBuildFile; fileRef = 96A62E9227353CA40099AE92 /* Assets.xcassets */; };
		96A62E9627353CA40099AE92 /* Preview Assets.xcassets in Resources */ = {isa = PBXBuildFile; fileRef = 96A62E9527353CA40099AE92 /* Preview Assets.xcassets */; };
		96A62E9E27354D3E0099AE92 /* Bundle+Decoder.swift in Sources */ = {isa = PBXBuildFile; fileRef = 96A62E9D27354D3E0099AE92 /* Bundle+Decoder.swift */; };
		96A62EA127354DFF0099AE92 /* dates.json in Resources */ = {isa = PBXBuildFile; fileRef = 96A62EA027354DFF0099AE92 /* dates.json */; };
		96A62EA32735501D0099AE92 /* Dates.swift in Sources */ = {isa = PBXBuildFile; fileRef = 96A62EA22735501D0099AE92 /* Dates.swift */; };
		96A62EA627355A3B0099AE92 /* FirebaseFirestore in Frameworks */ = {isa = PBXBuildFile; productRef = 96A62EA527355A3B0099AE92 /* FirebaseFirestore */; };
		96A62EA827355A3B0099AE92 /* FirebaseFirestoreCombine-Community in Frameworks */ = {isa = PBXBuildFile; productRef = 96A62EA727355A3B0099AE92 /* FirebaseFirestoreCombine-Community */; };
		96A62EAB27355B090099AE92 /* UserListViewModel.swift in Sources */ = {isa = PBXBuildFile; fileRef = 96A62EAA27355B090099AE92 /* UserListViewModel.swift */; };
		96A62EAD27355C350099AE92 /* GoogleService-Info.plist in Resources */ = {isa = PBXBuildFile; fileRef = 96A62EAC27355C350099AE92 /* GoogleService-Info.plist */; };
		96A62EAF27355C9E0099AE92 /* User.swift in Sources */ = {isa = PBXBuildFile; fileRef = 96A62EAE27355C9E0099AE92 /* User.swift */; };
		96A62EB127355CA60099AE92 /* Team.swift in Sources */ = {isa = PBXBuildFile; fileRef = 96A62EB027355CA60099AE92 /* Team.swift */; };
		96A62EB327355CB30099AE92 /* Calendar.swift in Sources */ = {isa = PBXBuildFile; fileRef = 96A62EB227355CB30099AE92 /* Calendar.swift */; };
		96A62EB62735600C0099AE92 /* UserRepository.swift in Sources */ = {isa = PBXBuildFile; fileRef = 96A62EB52735600C0099AE92 /* UserRepository.swift */; };
		96A62EB82735610A0099AE92 /* UserViewModel.swift in Sources */ = {isa = PBXBuildFile; fileRef = 96A62EB72735610A0099AE92 /* UserViewModel.swift */; };
		96A62EBA27356F0D0099AE92 /* UserItem.swift in Sources */ = {isa = PBXBuildFile; fileRef = 96A62EB927356F0C0099AE92 /* UserItem.swift */; };
/* End PBXBuildFile section */

/* Begin PBXFileReference section */
		96A62E8B27353CA10099AE92 /* iWorkHome.app */ = {isa = PBXFileReference; explicitFileType = wrapper.application; includeInIndex = 0; path = iWorkHome.app; sourceTree = BUILT_PRODUCTS_DIR; };
		96A62E8E27353CA10099AE92 /* iWorkHomeApp.swift */ = {isa = PBXFileReference; lastKnownFileType = sourcecode.swift; path = iWorkHomeApp.swift; sourceTree = "<group>"; };
		96A62E9027353CA10099AE92 /* ContentView.swift */ = {isa = PBXFileReference; lastKnownFileType = sourcecode.swift; path = ContentView.swift; sourceTree = "<group>"; };
		96A62E9227353CA40099AE92 /* Assets.xcassets */ = {isa = PBXFileReference; lastKnownFileType = folder.assetcatalog; path = Assets.xcassets; sourceTree = "<group>"; };
		96A62E9527353CA40099AE92 /* Preview Assets.xcassets */ = {isa = PBXFileReference; lastKnownFileType = folder.assetcatalog; path = "Preview Assets.xcassets"; sourceTree = "<group>"; };
		96A62E9D27354D3E0099AE92 /* Bundle+Decoder.swift */ = {isa = PBXFileReference; lastKnownFileType = sourcecode.swift; path = "Bundle+Decoder.swift"; sourceTree = "<group>"; };
		96A62EA027354DFF0099AE92 /* dates.json */ = {isa = PBXFileReference; fileEncoding = 4; lastKnownFileType = text.json; path = dates.json; sourceTree = "<group>"; };
		96A62EA22735501D0099AE92 /* Dates.swift */ = {isa = PBXFileReference; lastKnownFileType = sourcecode.swift; path = Dates.swift; sourceTree = "<group>"; };
		96A62EAA27355B090099AE92 /* UserListViewModel.swift */ = {isa = PBXFileReference; lastKnownFileType = sourcecode.swift; path = UserListViewModel.swift; sourceTree = "<group>"; };
		96A62EAC27355C350099AE92 /* GoogleService-Info.plist */ = {isa = PBXFileReference; fileEncoding = 4; lastKnownFileType = text.plist.xml; path = "GoogleService-Info.plist"; sourceTree = "<group>"; };
		96A62EAE27355C9E0099AE92 /* User.swift */ = {isa = PBXFileReference; lastKnownFileType = sourcecode.swift; path = User.swift; sourceTree = "<group>"; };
		96A62EB027355CA60099AE92 /* Team.swift */ = {isa = PBXFileReference; lastKnownFileType = sourcecode.swift; path = Team.swift; sourceTree = "<group>"; };
		96A62EB227355CB30099AE92 /* Calendar.swift */ = {isa = PBXFileReference; lastKnownFileType = sourcecode.swift; path = Calendar.swift; sourceTree = "<group>"; };
		96A62EB52735600C0099AE92 /* UserRepository.swift */ = {isa = PBXFileReference; lastKnownFileType = sourcecode.swift; path = UserRepository.swift; sourceTree = "<group>"; };
		96A62EB72735610A0099AE92 /* UserViewModel.swift */ = {isa = PBXFileReference; lastKnownFileType = sourcecode.swift; path = UserViewModel.swift; sourceTree = "<group>"; };
		96A62EB927356F0C0099AE92 /* UserItem.swift */ = {isa = PBXFileReference; lastKnownFileType = sourcecode.swift; path = UserItem.swift; sourceTree = "<group>"; };
/* End PBXFileReference section */

/* Begin PBXFrameworksBuildPhase section */
		96A62E8827353CA10099AE92 /* Frameworks */ = {
			isa = PBXFrameworksBuildPhase;
			buildActionMask = 2147483647;
			files = (
				96A62EA627355A3B0099AE92 /* FirebaseFirestore in Frameworks */,
				96A62EA827355A3B0099AE92 /* FirebaseFirestoreCombine-Community in Frameworks */,
			);
			runOnlyForDeploymentPostprocessing = 0;
		};
/* End PBXFrameworksBuildPhase section */

/* Begin PBXGroup section */
		96A62E8227353CA10099AE92 = {
			isa = PBXGroup;
			children = (
				96A62EAC27355C350099AE92 /* GoogleService-Info.plist */,
				96A62E8D27353CA10099AE92 /* iWorkHome */,
				96A62E8C27353CA10099AE92 /* Products */,
			);
			sourceTree = "<group>";
		};
		96A62E8C27353CA10099AE92 /* Products */ = {
			isa = PBXGroup;
			children = (
				96A62E8B27353CA10099AE92 /* iWorkHome.app */,
			);
			name = Products;
			sourceTree = "<group>";
		};
		96A62E8D27353CA10099AE92 /* iWorkHome */ = {
			isa = PBXGroup;
			children = (
				96A62EB427355FF30099AE92 /* Repository */,
				96A62EA927355AF40099AE92 /* ViewModel */,
				96A62E9F27354D4F0099AE92 /* Model */,
				96A62E9C27354D1B0099AE92 /* Helpers */,
				96A62E8E27353CA10099AE92 /* iWorkHomeApp.swift */,
				96A62E9027353CA10099AE92 /* ContentView.swift */,
				96A62E9227353CA40099AE92 /* Assets.xcassets */,
				96A62E9427353CA40099AE92 /* Preview Content */,
				96A62EB927356F0C0099AE92 /* UserItem.swift */,
			);
			path = iWorkHome;
			sourceTree = "<group>";
		};
		96A62E9427353CA40099AE92 /* Preview Content */ = {
			isa = PBXGroup;
			children = (
				96A62E9527353CA40099AE92 /* Preview Assets.xcassets */,
			);
			path = "Preview Content";
			sourceTree = "<group>";
		};
		96A62E9C27354D1B0099AE92 /* Helpers */ = {
			isa = PBXGroup;
			children = (
				96A62E9D27354D3E0099AE92 /* Bundle+Decoder.swift */,
			);
			path = Helpers;
			sourceTree = "<group>";
		};
		96A62E9F27354D4F0099AE92 /* Model */ = {
			isa = PBXGroup;
			children = (
				96A62EA027354DFF0099AE92 /* dates.json */,
				96A62EA22735501D0099AE92 /* Dates.swift */,
				96A62EAE27355C9E0099AE92 /* User.swift */,
				96A62EB027355CA60099AE92 /* Team.swift */,
				96A62EB227355CB30099AE92 /* Calendar.swift */,
			);
			path = Model;
			sourceTree = "<group>";
		};
		96A62EA927355AF40099AE92 /* ViewModel */ = {
			isa = PBXGroup;
			children = (
				96A62EAA27355B090099AE92 /* UserListViewModel.swift */,
				96A62EB72735610A0099AE92 /* UserViewModel.swift */,
			);
			path = ViewModel;
			sourceTree = "<group>";
		};
		96A62EB427355FF30099AE92 /* Repository */ = {
			isa = PBXGroup;
			children = (
				96A62EB52735600C0099AE92 /* UserRepository.swift */,
			);
			path = Repository;
			sourceTree = "<group>";
		};
/* End PBXGroup section */

/* Begin PBXNativeTarget section */
		96A62E8A27353CA10099AE92 /* iWorkHome */ = {
			isa = PBXNativeTarget;
			buildConfigurationList = 96A62E9927353CA40099AE92 /* Build configuration list for PBXNativeTarget "iWorkHome" */;
			buildPhases = (
				96A62E8727353CA10099AE92 /* Sources */,
				96A62E8827353CA10099AE92 /* Frameworks */,
				96A62E8927353CA10099AE92 /* Resources */,
			);
			buildRules = (
			);
			dependencies = (
			);
			name = iWorkHome;
			packageProductDependencies = (
				96A62EA527355A3B0099AE92 /* FirebaseFirestore */,
				96A62EA727355A3B0099AE92 /* FirebaseFirestoreCombine-Community */,
			);
			productName = iWorkHome;
			productReference = 96A62E8B27353CA10099AE92 /* iWorkHome.app */;
			productType = "com.apple.product-type.application";
		};
/* End PBXNativeTarget section */

/* Begin PBXProject section */
		96A62E8327353CA10099AE92 /* Project object */ = {
			isa = PBXProject;
			attributes = {
				BuildIndependentTargetsInParallel = 1;
				LastSwiftUpdateCheck = 1300;
				LastUpgradeCheck = 1300;
				TargetAttributes = {
					96A62E8A27353CA10099AE92 = {
						CreatedOnToolsVersion = 13.0;
					};
				};
			};
			buildConfigurationList = 96A62E8627353CA10099AE92 /* Build configuration list for PBXProject "iWorkHome" */;
			compatibilityVersion = "Xcode 13.0";
			developmentRegion = en;
			hasScannedForEncodings = 0;
			knownRegions = (
				en,
				Base,
			);
			mainGroup = 96A62E8227353CA10099AE92;
			packageReferences = (
				96A62EA427355A3B0099AE92 /* XCRemoteSwiftPackageReference "firebase-ios-sdk" */,
			);
			productRefGroup = 96A62E8C27353CA10099AE92 /* Products */;
			projectDirPath = "";
			projectRoot = "";
			targets = (
				96A62E8A27353CA10099AE92 /* iWorkHome */,
			);
		};
/* End PBXProject section */

/* Begin PBXResourcesBuildPhase section */
		96A62E8927353CA10099AE92 /* Resources */ = {
			isa = PBXResourcesBuildPhase;
			buildActionMask = 2147483647;
			files = (
				96A62E9627353CA40099AE92 /* Preview Assets.xcassets in Resources */,
				96A62EAD27355C350099AE92 /* GoogleService-Info.plist in Resources */,
				96A62EA127354DFF0099AE92 /* dates.json in Resources */,
				96A62E9327353CA40099AE92 /* Assets.xcassets in Resources */,
			);
			runOnlyForDeploymentPostprocessing = 0;
		};
/* End PBXResourcesBuildPhase section */

/* Begin PBXSourcesBuildPhase section */
		96A62E8727353CA10099AE92 /* Sources */ = {
			isa = PBXSourcesBuildPhase;
			buildActionMask = 2147483647;
			files = (
				96A62EB127355CA60099AE92 /* Team.swift in Sources */,
				96A62E9127353CA10099AE92 /* ContentView.swift in Sources */,
				96A62EB62735600C0099AE92 /* UserRepository.swift in Sources */,
				96A62EB82735610A0099AE92 /* UserViewModel.swift in Sources */,
				96A62E9E27354D3E0099AE92 /* Bundle+Decoder.swift in Sources */,
				96A62EB327355CB30099AE92 /* Calendar.swift in Sources */,
				96A62EAF27355C9E0099AE92 /* User.swift in Sources */,
				96A62EBA27356F0D0099AE92 /* UserItem.swift in Sources */,
				96A62E8F27353CA10099AE92 /* iWorkHomeApp.swift in Sources */,
				96A62EA32735501D0099AE92 /* Dates.swift in Sources */,
				96A62EAB27355B090099AE92 /* UserListViewModel.swift in Sources */,
			);
			runOnlyForDeploymentPostprocessing = 0;
		};
/* End PBXSourcesBuildPhase section */

/* Begin XCBuildConfiguration section */
		96A62E9727353CA40099AE92 /* Debug */ = {
			isa = XCBuildConfiguration;
			buildSettings = {
				ALWAYS_SEARCH_USER_PATHS = NO;
				CLANG_ANALYZER_NONNULL = YES;
				CLANG_ANALYZER_NUMBER_OBJECT_CONVERSION = YES_AGGRESSIVE;
				CLANG_CXX_LANGUAGE_STANDARD = "gnu++17";
				CLANG_CXX_LIBRARY = "libc++";
				CLANG_ENABLE_MODULES = YES;
				CLANG_ENABLE_OBJC_ARC = YES;
				CLANG_ENABLE_OBJC_WEAK = YES;
				CLANG_WARN_BLOCK_CAPTURE_AUTORELEASING = YES;
				CLANG_WARN_BOOL_CONVERSION = YES;
				CLANG_WARN_COMMA = YES;
				CLANG_WARN_CONSTANT_CONVERSION = YES;
				CLANG_WARN_DEPRECATED_OBJC_IMPLEMENTATIONS = YES;
				CLANG_WARN_DIRECT_OBJC_ISA_USAGE = YES_ERROR;
				CLANG_WARN_DOCUMENTATION_COMMENTS = YES;
				CLANG_WARN_EMPTY_BODY = YES;
				CLANG_WARN_ENUM_CONVERSION = YES;
				CLANG_WARN_INFINITE_RECURSION = YES;
				CLANG_WARN_INT_CONVERSION = YES;
				CLANG_WARN_NON_LITERAL_NULL_CONVERSION = YES;
				CLANG_WARN_OBJC_IMPLICIT_RETAIN_SELF = YES;
				CLANG_WARN_OBJC_LITERAL_CONVERSION = YES;
				CLANG_WARN_OBJC_ROOT_CLASS = YES_ERROR;
				CLANG_WARN_QUOTED_INCLUDE_IN_FRAMEWORK_HEADER = YES;
				CLANG_WARN_RANGE_LOOP_ANALYSIS = YES;
				CLANG_WARN_STRICT_PROTOTYPES = YES;
				CLANG_WARN_SUSPICIOUS_MOVE = YES;
				CLANG_WARN_UNGUARDED_AVAILABILITY = YES_AGGRESSIVE;
				CLANG_WARN_UNREACHABLE_CODE = YES;
				CLANG_WARN__DUPLICATE_METHOD_MATCH = YES;
				COPY_PHASE_STRIP = NO;
				DEBUG_INFORMATION_FORMAT = dwarf;
				ENABLE_STRICT_OBJC_MSGSEND = YES;
				ENABLE_TESTABILITY = YES;
				GCC_C_LANGUAGE_STANDARD = gnu11;
				GCC_DYNAMIC_NO_PIC = NO;
				GCC_NO_COMMON_BLOCKS = YES;
				GCC_OPTIMIZATION_LEVEL = 0;
				GCC_PREPROCESSOR_DEFINITIONS = (
					"DEBUG=1",
					"$(inherited)",
				);
				GCC_WARN_64_TO_32_BIT_CONVERSION = YES;
				GCC_WARN_ABOUT_RETURN_TYPE = YES_ERROR;
				GCC_WARN_UNDECLARED_SELECTOR = YES;
				GCC_WARN_UNINITIALIZED_AUTOS = YES_AGGRESSIVE;
				GCC_WARN_UNUSED_FUNCTION = YES;
				GCC_WARN_UNUSED_VARIABLE = YES;
				IPHONEOS_DEPLOYMENT_TARGET = 15.0;
				MTL_ENABLE_DEBUG_INFO = INCLUDE_SOURCE;
				MTL_FAST_MATH = YES;
				ONLY_ACTIVE_ARCH = YES;
				SDKROOT = iphoneos;
				SWIFT_ACTIVE_COMPILATION_CONDITIONS = DEBUG;
				SWIFT_OPTIMIZATION_LEVEL = "-Onone";
			};
			name = Debug;
		};
		96A62E9827353CA40099AE92 /* Release */ = {
			isa = XCBuildConfiguration;
			buildSettings = {
				ALWAYS_SEARCH_USER_PATHS = NO;
				CLANG_ANALYZER_NONNULL = YES;
				CLANG_ANALYZER_NUMBER_OBJECT_CONVERSION = YES_AGGRESSIVE;
				CLANG_CXX_LANGUAGE_STANDARD = "gnu++17";
				CLANG_CXX_LIBRARY = "libc++";
				CLANG_ENABLE_MODULES = YES;
				CLANG_ENABLE_OBJC_ARC = YES;
				CLANG_ENABLE_OBJC_WEAK = YES;
				CLANG_WARN_BLOCK_CAPTURE_AUTORELEASING = YES;
				CLANG_WARN_BOOL_CONVERSION = YES;
				CLANG_WARN_COMMA = YES;
				CLANG_WARN_CONSTANT_CONVERSION = YES;
				CLANG_WARN_DEPRECATED_OBJC_IMPLEMENTATIONS = YES;
				CLANG_WARN_DIRECT_OBJC_ISA_USAGE = YES_ERROR;
				CLANG_WARN_DOCUMENTATION_COMMENTS = YES;
				CLANG_WARN_EMPTY_BODY = YES;
				CLANG_WARN_ENUM_CONVERSION = YES;
				CLANG_WARN_INFINITE_RECURSION = YES;
				CLANG_WARN_INT_CONVERSION = YES;
				CLANG_WARN_NON_LITERAL_NULL_CONVERSION = YES;
				CLANG_WARN_OBJC_IMPLICIT_RETAIN_SELF = YES;
				CLANG_WARN_OBJC_LITERAL_CONVERSION = YES;
				CLANG_WARN_OBJC_ROOT_CLASS = YES_ERROR;
				CLANG_WARN_QUOTED_INCLUDE_IN_FRAMEWORK_HEADER = YES;
				CLANG_WARN_RANGE_LOOP_ANALYSIS = YES;
				CLANG_WARN_STRICT_PROTOTYPES = YES;
				CLANG_WARN_SUSPICIOUS_MOVE = YES;
				CLANG_WARN_UNGUARDED_AVAILABILITY = YES_AGGRESSIVE;
				CLANG_WARN_UNREACHABLE_CODE = YES;
				CLANG_WARN__DUPLICATE_METHOD_MATCH = YES;
				COPY_PHASE_STRIP = NO;
				DEBUG_INFORMATION_FORMAT = "dwarf-with-dsym";
				ENABLE_NS_ASSERTIONS = NO;
				ENABLE_STRICT_OBJC_MSGSEND = YES;
				GCC_C_LANGUAGE_STANDARD = gnu11;
				GCC_NO_COMMON_BLOCKS = YES;
				GCC_WARN_64_TO_32_BIT_CONVERSION = YES;
				GCC_WARN_ABOUT_RETURN_TYPE = YES_ERROR;
				GCC_WARN_UNDECLARED_SELECTOR = YES;
				GCC_WARN_UNINITIALIZED_AUTOS = YES_AGGRESSIVE;
				GCC_WARN_UNUSED_FUNCTION = YES;
				GCC_WARN_UNUSED_VARIABLE = YES;
				IPHONEOS_DEPLOYMENT_TARGET = 15.0;
				MTL_ENABLE_DEBUG_INFO = NO;
				MTL_FAST_MATH = YES;
				SDKROOT = iphoneos;
				SWIFT_COMPILATION_MODE = wholemodule;
				SWIFT_OPTIMIZATION_LEVEL = "-O";
				VALIDATE_PRODUCT = YES;
			};
			name = Release;
		};
		96A62E9A27353CA40099AE92 /* Debug */ = {
			isa = XCBuildConfiguration;
			buildSettings = {
				ASSETCATALOG_COMPILER_APPICON_NAME = AppIcon;
				ASSETCATALOG_COMPILER_GLOBAL_ACCENT_COLOR_NAME = AccentColor;
				CODE_SIGN_STYLE = Automatic;
				CURRENT_PROJECT_VERSION = 1;
				DEVELOPMENT_ASSET_PATHS = "\"iWorkHome/Preview Content\"";
				DEVELOPMENT_TEAM = QDSM8EXLA9;
				ENABLE_PREVIEWS = YES;
				GENERATE_INFOPLIST_FILE = YES;
				INFOPLIST_KEY_UIApplicationSceneManifest_Generation = YES;
				INFOPLIST_KEY_UIApplicationSupportsIndirectInputEvents = YES;
				INFOPLIST_KEY_UILaunchScreen_Generation = YES;
				INFOPLIST_KEY_UISupportedInterfaceOrientations_iPad = "UIInterfaceOrientationPortrait UIInterfaceOrientationPortraitUpsideDown UIInterfaceOrientationLandscapeLeft UIInterfaceOrientationLandscapeRight";
				INFOPLIST_KEY_UISupportedInterfaceOrientations_iPhone = "UIInterfaceOrientationPortrait UIInterfaceOrientationLandscapeLeft UIInterfaceOrientationLandscapeRight";
				IPHONEOS_DEPLOYMENT_TARGET = 14.0;
				LD_RUNPATH_SEARCH_PATHS = (
					"$(inherited)",
					"@executable_path/Frameworks",
				);
				MARKETING_VERSION = 1.0;
				PRODUCT_BUNDLE_IDENTIFIER = dk.sd.iWorkHome;
				PRODUCT_NAME = "$(TARGET_NAME)";
				SWIFT_EMIT_LOC_STRINGS = YES;
				SWIFT_VERSION = 5.0;
				TARGETED_DEVICE_FAMILY = "1,2";
			};
			name = Debug;
		};
		96A62E9B27353CA40099AE92 /* Release */ = {
			isa = XCBuildConfiguration;
			buildSettings = {
				ASSETCATALOG_COMPILER_APPICON_NAME = AppIcon;
				ASSETCATALOG_COMPILER_GLOBAL_ACCENT_COLOR_NAME = AccentColor;
				CODE_SIGN_STYLE = Automatic;
				CURRENT_PROJECT_VERSION = 1;
				DEVELOPMENT_ASSET_PATHS = "\"iWorkHome/Preview Content\"";
				DEVELOPMENT_TEAM = QDSM8EXLA9;
				ENABLE_PREVIEWS = YES;
				GENERATE_INFOPLIST_FILE = YES;
				INFOPLIST_KEY_UIApplicationSceneManifest_Generation = YES;
				INFOPLIST_KEY_UIApplicationSupportsIndirectInputEvents = YES;
				INFOPLIST_KEY_UILaunchScreen_Generation = YES;
				INFOPLIST_KEY_UISupportedInterfaceOrientations_iPad = "UIInterfaceOrientationPortrait UIInterfaceOrientationPortraitUpsideDown UIInterfaceOrientationLandscapeLeft UIInterfaceOrientationLandscapeRight";
				INFOPLIST_KEY_UISupportedInterfaceOrientations_iPhone = "UIInterfaceOrientationPortrait UIInterfaceOrientationLandscapeLeft UIInterfaceOrientationLandscapeRight";
				IPHONEOS_DEPLOYMENT_TARGET = 14.0;
				LD_RUNPATH_SEARCH_PATHS = (
					"$(inherited)",
					"@executable_path/Frameworks",
				);
				MARKETING_VERSION = 1.0;
				PRODUCT_BUNDLE_IDENTIFIER = dk.sd.iWorkHome;
				PRODUCT_NAME = "$(TARGET_NAME)";
				SWIFT_EMIT_LOC_STRINGS = YES;
				SWIFT_VERSION = 5.0;
				TARGETED_DEVICE_FAMILY = "1,2";
			};
			name = Release;
		};
/* End XCBuildConfiguration section */

/* Begin XCConfigurationList section */
		96A62E8627353CA10099AE92 /* Build configuration list for PBXProject "iWorkHome" */ = {
			isa = XCConfigurationList;
			buildConfigurations = (
				96A62E9727353CA40099AE92 /* Debug */,
				96A62E9827353CA40099AE92 /* Release */,
			);
			defaultConfigurationIsVisible = 0;
			defaultConfigurationName = Release;
		};
		96A62E9927353CA40099AE92 /* Build configuration list for PBXNativeTarget "iWorkHome" */ = {
			isa = XCConfigurationList;
			buildConfigurations = (
				96A62E9A27353CA40099AE92 /* Debug */,
				96A62E9B27353CA40099AE92 /* Release */,
			);
			defaultConfigurationIsVisible = 0;
			defaultConfigurationName = Release;
		};
/* End XCConfigurationList section */

/* Begin XCRemoteSwiftPackageReference section */
		96A62EA427355A3B0099AE92 /* XCRemoteSwiftPackageReference "firebase-ios-sdk" */ = {
			isa = XCRemoteSwiftPackageReference;
			repositoryURL = "https://github.com/firebase/firebase-ios-sdk.git";
			requirement = {
				kind = upToNextMajorVersion;
				minimumVersion = 8.0.0;
			};
		};
/* End XCRemoteSwiftPackageReference section */

/* Begin XCSwiftPackageProductDependency section */
		96A62EA527355A3B0099AE92 /* FirebaseFirestore */ = {
			isa = XCSwiftPackageProductDependency;
			package = 96A62EA427355A3B0099AE92 /* XCRemoteSwiftPackageReference "firebase-ios-sdk" */;
			productName = FirebaseFirestore;
		};
		96A62EA727355A3B0099AE92 /* FirebaseFirestoreCombine-Community */ = {
			isa = XCSwiftPackageProductDependency;
			package = 96A62EA427355A3B0099AE92 /* XCRemoteSwiftPackageReference "firebase-ios-sdk" */;
			productName = "FirebaseFirestoreCombine-Community";
		};
/* End XCSwiftPackageProductDependency section */
	};
	rootObject = 96A62E8327353CA10099AE92 /* Project object */;
}
